
Microsoft Visual Studio Solution File, Format Version 12.00
# Visual Studio 2017
Project("{FAE04EC0-301F-11D3-BF4B-00C04F79EFBC}") = "Pig-Copter-Animations-3.0", "Pig-Copter-Animations-3.0.csproj", "{C923AEC7-0245-8BF1-E031-9E278C395F0D}"
EndProject
Project("{FAE04EC0-301F-11D3-BF4B-00C04F79EFBC}") = "Pig-Copter-Animations-3.0.Plugins", "Pig-Copter-Animations-3.0.Plugins.csproj", "{EF11D185-E6A2-EA3A-ACEF-A2D8A31E1ECA}"
EndProject
Project("{FAE04EC0-301F-11D3-BF4B-00C04F79EFBC}") = "Pig-Copter-Animations-3.0.Editor.Plugins", "Pig-Copter-Animations-3.0.Editor.Plugins.csproj", "{99D5C581-DD9E-795A-9C70-0FBA71D83A26}"
EndProject
Global
	GlobalSection(SolutionConfigurationPlatforms) = preSolution
		Debug|Any CPU = Debug|Any CPU
		Release|Any CPU = Release|Any CPU
	EndGlobalSection
	GlobalSection(ProjectConfigurationPlatforms) = postSolution
		{C923AEC7-0245-8BF1-E031-9E278C395F0D}.Debug|Any CPU.ActiveCfg = Debug|Any CPU
		{C923AEC7-0245-8BF1-E031-9E278C395F0D}.Debug|Any CPU.Build.0 = Debug|Any CPU
		{C923AEC7-0245-8BF1-E031-9E278C395F0D}.Release|Any CPU.ActiveCfg = Release|Any CPU
		{C923AEC7-0245-8BF1-E031-9E278C395F0D}.Release|Any CPU.Build.0 = Release|Any CPU
		{EF11D185-E6A2-EA3A-ACEF-A2D8A31E1ECA}.Debug|Any CPU.ActiveCfg = Debug|Any CPU
		{EF11D185-E6A2-EA3A-ACEF-A2D8A31E1ECA}.Debug|Any CPU.Build.0 = Debug|Any CPU
		{EF11D185-E6A2-EA3A-ACEF-A2D8A31E1ECA}.Release|Any CPU.ActiveCfg = Release|Any CPU
		{EF11D185-E6A2-EA3A-ACEF-A2D8A31E1ECA}.Release|Any CPU.Build.0 = Release|Any CPU
		{99D5C581-DD9E-795A-9C70-0FBA71D83A26}.Debug|Any CPU.ActiveCfg = Debug|Any CPU
		{99D5C581-DD9E-795A-9C70-0FBA71D83A26}.Debug|Any CPU.Build.0 = Debug|Any CPU
		{99D5C581-DD9E-795A-9C70-0FBA71D83A26}.Release|Any CPU.ActiveCfg = Release|Any CPU
		{99D5C581-DD9E-795A-9C70-0FBA71D83A26}.Release|Any CPU.Build.0 = Release|Any CPU
	EndGlobalSection
	GlobalSection(SolutionProperties) = preSolution
		HideSolutionNode = FALSE
	EndGlobalSection
EndGlobal
